
Microsoft Visual Studio Solution File, Format Version 12.00
# Visual Studio Version 16
VisualStudioVersion = 16.0.29920.165
MinimumVisualStudioVersion = 10.0.40219.1
Project("{FAE04EC0-301F-11D3-BF4B-00C04F79EFBC}") = "AdminPro.Core", "AdminPro.Core\AdminPro.Core.csproj", "{000AB45A-38E5-4013-BC2B-BF0E8F81C0A6}"
EndProject
Project("{FAE04EC0-301F-11D3-BF4B-00C04F79EFBC}") = "AdminPro.Infrastructure", "AdminPro.Insfrastructure\AdminPro.Infrastructure.csproj", "{71E50B82-BA56-42A2-B0B6-BE865A96423D}"
EndProject
Project("{FAE04EC0-301F-11D3-BF4B-00C04F79EFBC}") = "AdminPro.Api", "AdminPro.Api\AdminPro.Api.csproj", "{F4500EFE-4685-40BD-8DFF-0BB36ED2B7FA}"
EndProject
Global
	GlobalSection(SolutionConfigurationPlatforms) = preSolution
		Debug|Any CPU = Debug|Any CPU
		Release|Any CPU = Release|Any CPU
	EndGlobalSection
	GlobalSection(ProjectConfigurationPlatforms) = postSolution
		{000AB45A-38E5-4013-BC2B-BF0E8F81C0A6}.Debug|Any CPU.ActiveCfg = Debug|Any CPU
		{000AB45A-38E5-4013-BC2B-BF0E8F81C0A6}.Debug|Any CPU.Build.0 = Debug|Any CPU
		{000AB45A-38E5-4013-BC2B-BF0E8F81C0A6}.Release|Any CPU.ActiveCfg = Release|Any CPU
		{000AB45A-38E5-4013-BC2B-BF0E8F81C0A6}.Release|Any CPU.Build.0 = Release|Any CPU
		{71E50B82-BA56-42A2-B0B6-BE865A96423D}.Debug|Any CPU.ActiveCfg = Debug|Any CPU
		{71E50B82-BA56-42A2-B0B6-BE865A96423D}.Debug|Any CPU.Build.0 = Debug|Any CPU
		{71E50B82-BA56-42A2-B0B6-BE865A96423D}.Release|Any CPU.ActiveCfg = Release|Any CPU
		{71E50B82-BA56-42A2-B0B6-BE865A96423D}.Release|Any CPU.Build.0 = Release|Any CPU
		{F4500EFE-4685-40BD-8DFF-0BB36ED2B7FA}.Debug|Any CPU.ActiveCfg = Debug|Any CPU
		{F4500EFE-4685-40BD-8DFF-0BB36ED2B7FA}.Debug|Any CPU.Build.0 = Debug|Any CPU
		{F4500EFE-4685-40BD-8DFF-0BB36ED2B7FA}.Release|Any CPU.ActiveCfg = Release|Any CPU
		{F4500EFE-4685-40BD-8DFF-0BB36ED2B7FA}.Release|Any CPU.Build.0 = Release|Any CPU
	EndGlobalSection
	GlobalSection(SolutionProperties) = preSolution
		HideSolutionNode = FALSE
	EndGlobalSection
	GlobalSection(ExtensibilityGlobals) = postSolution
		SolutionGuid = {8AFBBBAA-B099-4C2B-BD60-F15BE4F6B01E}
	EndGlobalSection
EndGlobal
